
Microsoft Visual Studio Solution File, Format Version 12.00
# Visual Studio Version 17
VisualStudioVersion = 17.14.36221.1 d17.14
MinimumVisualStudioVersion = 10.0.40219.1
Project("{FAE04EC0-301F-11D3-BF4B-00C04F79EFBC}") = "Калькулятор.AppHost", "Калькулятор.AppHost\Калькулятор.AppHost.csproj", "{F8F23BB6-6351-4441-A9C1-85A1E387C21C}"
EndProject
Project("{FAE04EC0-301F-11D3-BF4B-00C04F79EFBC}") = "Калькулятор.ServiceDefaults", "Калькулятор.ServiceDefaults\Калькулятор.ServiceDefaults.csproj", "{02B787C8-59AB-904A-BD27-1694B11BA7C9}"
EndProject
Project("{FAE04EC0-301F-11D3-BF4B-00C04F79EFBC}") = "Калькулятор.ApiService", "Калькулятор.ApiService\Калькулятор.ApiService.csproj", "{B1F8101D-6015-E3C2-AFBB-23FDEEAAFFB2}"
EndProject
Project("{FAE04EC0-301F-11D3-BF4B-00C04F79EFBC}") = "Калькулятор.Web", "Калькулятор.Web\Калькулятор.Web.csproj", "{45EA4847-1D97-2F80-F384-D446E4D31056}"
EndProject
Global
	GlobalSection(SolutionConfigurationPlatforms) = preSolution
		Debug|Any CPU = Debug|Any CPU
		Release|Any CPU = Release|Any CPU
	EndGlobalSection
	GlobalSection(ProjectConfigurationPlatforms) = postSolution
		{F8F23BB6-6351-4441-A9C1-85A1E387C21C}.Debug|Any CPU.ActiveCfg = Debug|Any CPU
		{F8F23BB6-6351-4441-A9C1-85A1E387C21C}.Debug|Any CPU.Build.0 = Debug|Any CPU
		{F8F23BB6-6351-4441-A9C1-85A1E387C21C}.Release|Any CPU.ActiveCfg = Release|Any CPU
		{F8F23BB6-6351-4441-A9C1-85A1E387C21C}.Release|Any CPU.Build.0 = Release|Any CPU
		{02B787C8-59AB-904A-BD27-1694B11BA7C9}.Debug|Any CPU.ActiveCfg = Debug|Any CPU
		{02B787C8-59AB-904A-BD27-1694B11BA7C9}.Debug|Any CPU.Build.0 = Debug|Any CPU
		{02B787C8-59AB-904A-BD27-1694B11BA7C9}.Release|Any CPU.ActiveCfg = Release|Any CPU
		{02B787C8-59AB-904A-BD27-1694B11BA7C9}.Release|Any CPU.Build.0 = Release|Any CPU
		{B1F8101D-6015-E3C2-AFBB-23FDEEAAFFB2}.Debug|Any CPU.ActiveCfg = Debug|Any CPU
		{B1F8101D-6015-E3C2-AFBB-23FDEEAAFFB2}.Debug|Any CPU.Build.0 = Debug|Any CPU
		{B1F8101D-6015-E3C2-AFBB-23FDEEAAFFB2}.Release|Any CPU.ActiveCfg = Release|Any CPU
		{B1F8101D-6015-E3C2-AFBB-23FDEEAAFFB2}.Release|Any CPU.Build.0 = Release|Any CPU
		{45EA4847-1D97-2F80-F384-D446E4D31056}.Debug|Any CPU.ActiveCfg = Debug|Any CPU
		{45EA4847-1D97-2F80-F384-D446E4D31056}.Debug|Any CPU.Build.0 = Debug|Any CPU
		{45EA4847-1D97-2F80-F384-D446E4D31056}.Release|Any CPU.ActiveCfg = Release|Any CPU
		{45EA4847-1D97-2F80-F384-D446E4D31056}.Release|Any CPU.Build.0 = Release|Any CPU
	EndGlobalSection
	GlobalSection(SolutionProperties) = preSolution
		HideSolutionNode = FALSE
	EndGlobalSection
	GlobalSection(ExtensibilityGlobals) = postSolution
		SolutionGuid = {FC096888-1DCE-4080-99AF-D39C9C856457}
	EndGlobalSection
EndGlobal
