
Microsoft Visual Studio Solution File, Format Version 12.00
# Visual Studio Version 17
VisualStudioVersion = 17.14.36221.1 d17.14
MinimumVisualStudioVersion = 10.0.40219.1
Project("{FAE04EC0-301F-11D3-BF4B-00C04F79EFBC}") = "Калькулятор", "Калькулятор\Калькулятор.csproj", "{D6F8D44E-1F25-42A7-B21D-66AAA88ECD4A}"
EndProject
Global
	GlobalSection(SolutionConfigurationPlatforms) = preSolution
		Debug|Any CPU = Debug|Any CPU
		Release|Any CPU = Release|Any CPU
	EndGlobalSection
	GlobalSection(ProjectConfigurationPlatforms) = postSolution
		{D6F8D44E-1F25-42A7-B21D-66AAA88ECD4A}.Debug|Any CPU.ActiveCfg = Debug|Any CPU
		{D6F8D44E-1F25-42A7-B21D-66AAA88ECD4A}.Debug|Any CPU.Build.0 = Debug|Any CPU
		{D6F8D44E-1F25-42A7-B21D-66AAA88ECD4A}.Release|Any CPU.ActiveCfg = Release|Any CPU
		{D6F8D44E-1F25-42A7-B21D-66AAA88ECD4A}.Release|Any CPU.Build.0 = Release|Any CPU
	EndGlobalSection
	GlobalSection(SolutionProperties) = preSolution
		HideSolutionNode = FALSE
	EndGlobalSection
	GlobalSection(ExtensibilityGlobals) = postSolution
		SolutionGuid = {79CAA966-37D4-4C36-BCEA-91C0C43C0404}
	EndGlobalSection
EndGlobal
